
Microsoft Visual Studio Solution File, Format Version 12.00
# Visual Studio Version 16
VisualStudioVersion = 16.0.30523.141
MinimumVisualStudioVersion = 10.0.40219.1
Project("{FAE04EC0-301F-11D3-BF4B-00C04F79EFBC}") = "FindStringFromArrays", "FindStringFromArrays\FindStringFromArrays.csproj", "{66E02512-BDF6-4A4F-9CB7-345C86A9C56A}"
EndProject
Project("{FAE04EC0-301F-11D3-BF4B-00C04F79EFBC}") = "AddIntToArray", "..\AddIntToArray\AddIntToArray\AddIntToArray.csproj", "{A64C22DA-43CB-4CDE-84B5-C1E4549FE786}"
EndProject
Project("{FAE04EC0-301F-11D3-BF4B-00C04F79EFBC}") = "FindDuplicateStringInArray", "..\FindDuplicateStringInArray\FindDuplicateStringInArray\FindDuplicateStringInArray.csproj", "{1673C4F5-541B-47DE-B4B9-9861FB565E24}"
EndProject
Global
	GlobalSection(SolutionConfigurationPlatforms) = preSolution
		Debug|Any CPU = Debug|Any CPU
		Release|Any CPU = Release|Any CPU
	EndGlobalSection
	GlobalSection(ProjectConfigurationPlatforms) = postSolution
		{66E02512-BDF6-4A4F-9CB7-345C86A9C56A}.Debug|Any CPU.ActiveCfg = Debug|Any CPU
		{66E02512-BDF6-4A4F-9CB7-345C86A9C56A}.Debug|Any CPU.Build.0 = Debug|Any CPU
		{66E02512-BDF6-4A4F-9CB7-345C86A9C56A}.Release|Any CPU.ActiveCfg = Release|Any CPU
		{66E02512-BDF6-4A4F-9CB7-345C86A9C56A}.Release|Any CPU.Build.0 = Release|Any CPU
		{A64C22DA-43CB-4CDE-84B5-C1E4549FE786}.Debug|Any CPU.ActiveCfg = Debug|Any CPU
		{A64C22DA-43CB-4CDE-84B5-C1E4549FE786}.Debug|Any CPU.Build.0 = Debug|Any CPU
		{A64C22DA-43CB-4CDE-84B5-C1E4549FE786}.Release|Any CPU.ActiveCfg = Release|Any CPU
		{A64C22DA-43CB-4CDE-84B5-C1E4549FE786}.Release|Any CPU.Build.0 = Release|Any CPU
		{1673C4F5-541B-47DE-B4B9-9861FB565E24}.Debug|Any CPU.ActiveCfg = Debug|Any CPU
		{1673C4F5-541B-47DE-B4B9-9861FB565E24}.Debug|Any CPU.Build.0 = Debug|Any CPU
		{1673C4F5-541B-47DE-B4B9-9861FB565E24}.Release|Any CPU.ActiveCfg = Release|Any CPU
		{1673C4F5-541B-47DE-B4B9-9861FB565E24}.Release|Any CPU.Build.0 = Release|Any CPU
	EndGlobalSection
	GlobalSection(SolutionProperties) = preSolution
		HideSolutionNode = FALSE
	EndGlobalSection
	GlobalSection(ExtensibilityGlobals) = postSolution
		SolutionGuid = {91E0B9A9-8BB6-420D-B778-69041D363111}
	EndGlobalSection
EndGlobal
